lockfileVersion: '9.0'

settings:
  autoInstallPeers: true
  excludeLinksFromLockfile: false

importers:

  .:
    dependencies:
      mlly:
        specifier: ^1.7.3
        version: 1.7.3
      pathe:
        specifier: ^2.0.1
        version: 2.0.1
    devDependencies:
      '@actions/core':
        specifier: ^1.11.1
        version: 1.11.1

packages:

  '@actions/core@1.11.1':
    resolution: {integrity: sha512-hXJCSrkwfA46Vd9Z3q4cpEpHB1rL5NG04+/rbqW9d3+CSvtB1tYe8UTpAlixa1vj0m/ULglfEK2UKxMGxCxv5A==}

  '@actions/exec@1.1.1':
    resolution: {integrity: sha512-+sCcHHbVdk93a0XT19ECtO/gIXoxvdsgQLzb2fE2/5sIZmWQuluYyjPQtrtTHdU1YzTZ7bAPN4sITq2xi1679w==}

  '@actions/http-client@2.2.3':
    resolution: {integrity: sha512-mx8hyJi/hjFvbPokCg4uRd4ZX78t+YyRPtnKWwIl+RzNaVuFpQHfmlGVfsKEJN8LwTCvL+DfVgAM04XaHkm6bA==}

  '@actions/io@1.1.3':
    resolution: {integrity: sha512-wi9JjgKLYS7U/z8PPbco+PvTb/nRWjeoFlJ1Qer83k/3C5PHQi28hiVdeE2kHXmIL99mQFawx8qt/JPjZilJ8Q==}

  '@fastify/busboy@2.1.1':
    resolution: {integrity: sha512-vBZP4NlzfOlerQTnba4aqZoMhE/a9HY7HRqoOPaETQcSQuWEIyZMHGfVu6w9wGtGK5fED5qRs2DteVCjOH60sA==}
    engines: {node: '>=14'}

  acorn@8.14.0:
    resolution: {integrity: sha512-cl669nCJTZBsL97OF4kUQm5g5hC2uihk0NxY3WENAC0TYdILVkAyHymAntgxGkl7K+t0cXIrH5siy5S4XkFycA==}
    engines: {node: '>=0.4.0'}
    hasBin: true

  confbox@0.1.8:
    resolution: {integrity: sha512-RMtmw0iFkeR4YV+fUOSucriAQNb9g8zFR52MWCtl+cCZOFRNL6zeB395vPzFhEjjn4fMxXudmELnl/KF/WrK6w==}

  mlly@1.7.3:
    resolution: {integrity: sha512-xUsx5n/mN0uQf4V548PKQ+YShA4/IW0KI1dZhrNrPCLG+xizETbHTkOa1f8/xut9JRPp8kQuMnz0oqwkTiLo/A==}

  pathe@1.1.2:
    resolution: {integrity: sha512-whLdWMYL2TwI08hn8/ZqAbrVemu0LNaNNJZX73O6qaIdCTfXutsLhMkjdENX0qhsQ9uIimo4/aQOmXkoon2nDQ==}

  pathe@2.0.1:
    resolution: {integrity: sha512-6jpjMpOth5S9ITVu5clZ7NOgHNsv5vRQdheL9ztp2vZmM6fRbLvyua1tiBIL4lk8SAe3ARzeXEly6siXCjDHDw==}

  pkg-types@1.3.0:
    resolution: {integrity: sha512-kS7yWjVFCkIw9hqdJBoMxDdzEngmkr5FXeWZZfQ6GoYacjVnsW6l2CcYW/0ThD0vF4LPJgVYnrg4d0uuhwYQbg==}

  tunnel@0.0.6:
    resolution: {integrity: sha512-1h/Lnq9yajKY2PEbBadPXj3VxsDDu844OnaAo52UVmIzIvwwtBPIuNvkjuzBlTWpfJyUbG3ez0KSBibQkj4ojg==}
    engines: {node: '>=0.6.11 <=0.7.0 || >=0.7.3'}

  ufo@1.5.4:
    resolution: {integrity: sha512-UsUk3byDzKd04EyoZ7U4DOlxQaD14JUKQl6/P7wiX4FNvUfm3XL246n9W5AmqwW5RSFJ27NAuM0iLscAOYUiGQ==}

  undici@5.28.4:
    resolution: {integrity: sha512-72RFADWFqKmUb2hmmvNODKL3p9hcB6Gt2DOQMis1SEBaV6a4MH8soBvzg+95CYhCKPFedut2JY9bMfrDl9D23g==}
    engines: {node: '>=14.0'}

snapshots:

  '@actions/core@1.11.1':
    dependencies:
      '@actions/exec': 1.1.1
      '@actions/http-client': 2.2.3

  '@actions/exec@1.1.1':
    dependencies:
      '@actions/io': 1.1.3

  '@actions/http-client@2.2.3':
    dependencies:
      tunnel: 0.0.6
      undici: 5.28.4

  '@actions/io@1.1.3': {}

  '@fastify/busboy@2.1.1': {}

  acorn@8.14.0: {}

  confbox@0.1.8: {}

  mlly@1.7.3:
    dependencies:
      acorn: 8.14.0
      pathe: 1.1.2
      pkg-types: 1.3.0
      ufo: 1.5.4

  pathe@1.1.2: {}

  pathe@2.0.1: {}

  pkg-types@1.3.0:
    dependencies:
      confbox: 0.1.8
      mlly: 1.7.3
      pathe: 1.1.2

  tunnel@0.0.6: {}

  ufo@1.5.4: {}

  undici@5.28.4:
    dependencies:
      '@fastify/busboy': 2.1.1
